// !$*UTF8*$!
{
	archiveVersion = 1;
	classes = {
	};
	objectVersion = 50;
	objects = {

/* Begin PBXBuildFile section */
		14B0470A2464E4D5009CFB6E /* soundPlayer.swift in Sources */ = {isa = PBXBuildFile; fileRef = 14B047092464E4D5009CFB6E /* soundPlayer.swift */; };
		14B0470C2464E54F009CFB6E /* cybernight_noDrums.mp3 in Resources */ = {isa = PBXBuildFile; fileRef = 14B0470B2464E54E009CFB6E /* cybernight_noDrums.mp3 */; };
		14F969212464851E0074693E /* AppDelegate.swift in Sources */ = {isa = PBXBuildFile; fileRef = 14F969202464851E0074693E /* AppDelegate.swift */; };
		14F969232464851E0074693E /* SceneDelegate.swift in Sources */ = {isa = PBXBuildFile; fileRef = 14F969222464851E0074693E /* SceneDelegate.swift */; };
		14F969252464851E0074693E /* ContentView.swift in Sources */ = {isa = PBXBuildFile; fileRef = 14F969242464851E0074693E /* ContentView.swift */; };
		14F969272464851F0074693E /* Assets.xcassets in Resources */ = {isa = PBXBuildFile; fileRef = 14F969262464851F0074693E /* Assets.xcassets */; };
		14F9692A2464851F0074693E /* Preview Assets.xcassets in Resources */ = {isa = PBXBuildFile; fileRef = 14F969292464851F0074693E /* Preview Assets.xcassets */; };
		14F9692D2464851F0074693E /* LaunchScreen.storyboard in Resources */ = {isa = PBXBuildFile; fileRef = 14F9692B2464851F0074693E /* LaunchScreen.storyboard */; };
		14F969392464859C0074693E /* tropic_gothic_003.mov in Resources */ = {isa = PBXBuildFile; fileRef = 14F969352464859C0074693E /* tropic_gothic_003.mov */; };
		14F9693A2464859C0074693E /* BLONDE VILLAN 9X16.mov in Resources */ = {isa = PBXBuildFile; fileRef = 14F969362464859C0074693E /* BLONDE VILLAN 9X16.mov */; };
		14F9693B2464859C0074693E /* Comic Hills 709.mov in Resources */ = {isa = PBXBuildFile; fileRef = 14F969372464859C0074693E /* Comic Hills 709.mov */; };
		14F9693C2464859C0074693E /* 2_19_19 CAM 9x16.mov in Resources */ = {isa = PBXBuildFile; fileRef = 14F969382464859C0074693E /* 2_19_19 CAM 9x16.mov */; };
		14F9693E246486300074693E /*  .swift in Sources */ = {isa = PBXBuildFile; fileRef = 14F9693D246486300074693E /*  .swift */; };
		14F9694024648A660074693E /* bodyContent.swift in Sources */ = {isa = PBXBuildFile; fileRef = 14F9693F24648A660074693E /* bodyContent.swift */; };
/* End PBXBuildFile section */

/* Begin PBXFileReference section */
		14B047092464E4D5009CFB6E /* soundPlayer.swift */ = {isa = PBXFileReference; lastKnownFileType = sourcecode.swift; path = soundPlayer.swift; sourceTree = "<group>"; };
		14B0470B2464E54E009CFB6E /* cybernight_noDrums.mp3 */ = {isa = PBXFileReference; lastKnownFileType = audio.mp3; name = cybernight_noDrums.mp3; path = ../../../../Desktop/cybernight_noDrums.mp3; sourceTree = "<group>"; };
		14F9691D2464851E0074693E /* trpclGthc.app */ = {isa = PBXFileReference; explicitFileType = wrapper.application; includeInIndex = 0; path = trpclGthc.app; sourceTree = BUILT_PRODUCTS_DIR; };
		14F969202464851E0074693E /* AppDelegate.swift */ = {isa = PBXFileReference; lastKnownFileType = sourcecode.swift; path = AppDelegate.swift; sourceTree = "<group>"; };
		14F969222464851E0074693E /* SceneDelegate.swift */ = {isa = PBXFileReference; lastKnownFileType = sourcecode.swift; path = SceneDelegate.swift; sourceTree = "<group>"; };
		14F969242464851E0074693E /* ContentView.swift */ = {isa = PBXFileReference; lastKnownFileType = sourcecode.swift; path = ContentView.swift; sourceTree = "<group>"; };
		14F969262464851F0074693E /* Assets.xcassets */ = {isa = PBXFileReference; lastKnownFileType = folder.assetcatalog; path = Assets.xcassets; sourceTree = "<group>"; };
		14F969292464851F0074693E /* Preview Assets.xcassets */ = {isa = PBXFileReference; lastKnownFileType = folder.assetcatalog; path = "Preview Assets.xcassets"; sourceTree = "<group>"; };
		14F9692C2464851F0074693E /* Base */ = {isa = PBXFileReference; lastKnownFileType = file.storyboard; name = Base; path = Base.lproj/LaunchScreen.storyboard; sourceTree = "<group>"; };
		14F9692E2464851F0074693E /* Info.plist */ = {isa = PBXFileReference; lastKnownFileType = text.plist.xml; path = Info.plist; sourceTree = "<group>"; };
		14F969352464859C0074693E /* tropic_gothic_003.mov */ = {isa = PBXFileReference; lastKnownFileType = video.quicktime; name = tropic_gothic_003.mov; path = ../../../../Desktop/tropic_gothic_003.mov; sourceTree = "<group>"; };
		14F969362464859C0074693E /* BLONDE VILLAN 9X16.mov */ = {isa = PBXFileReference; lastKnownFileType = video.quicktime; name = "BLONDE VILLAN 9X16.mov"; path = "../../../../Desktop/BLONDE VILLAN 9X16.mov"; sourceTree = "<group>"; };
		14F969372464859C0074693E /* Comic Hills 709.mov */ = {isa = PBXFileReference; lastKnownFileType = video.quicktime; name = "Comic Hills 709.mov"; path = "../../../../Desktop/Comic Hills 709.mov"; sourceTree = "<group>"; };
		14F969382464859C0074693E /* 2_19_19 CAM 9x16.mov */ = {isa = PBXFileReference; lastKnownFileType = video.quicktime; name = "2_19_19 CAM 9x16.mov"; path = "../../../../Desktop/2_19_19 CAM 9x16.mov"; sourceTree = "<group>"; };
		14F9693D246486300074693E /*  .swift */ = {isa = PBXFileReference; lastKnownFileType = sourcecode.swift; path = " .swift"; sourceTree = "<group>"; };
		14F9693F24648A660074693E /* bodyContent.swift */ = {isa = PBXFileReference; lastKnownFileType = sourcecode.swift; path = bodyContent.swift; sourceTree = "<group>"; };
/* End PBXFileReference section */

/* Begin PBXFrameworksBuildPhase section */
		14F9691A2464851E0074693E /* Frameworks */ = {
			isa = PBXFrameworksBuildPhase;
			buildActionMask = 2147483647;
			files = (
			);
			runOnlyForDeploymentPostprocessing = 0;
		};
/* End PBXFrameworksBuildPhase section */

/* Begin PBXGroup section */
		14F969142464851E0074693E = {
			isa = PBXGroup;
			children = (
				14F9691F2464851E0074693E /* trpclGthc */,
				14F9691E2464851E0074693E /* Products */,
			);
			sourceTree = "<group>";
		};
		14F9691E2464851E0074693E /* Products */ = {
			isa = PBXGroup;
			children = (
				14F9691D2464851E0074693E /* trpclGthc.app */,
			);
			name = Products;
			sourceTree = "<group>";
		};
		14F9691F2464851E0074693E /* trpclGthc */ = {
			isa = PBXGroup;
			children = (
				14F96934246485680074693E /* Assets */,
				14F969202464851E0074693E /* AppDelegate.swift */,
				14F969222464851E0074693E /* SceneDelegate.swift */,
				14F969242464851E0074693E /* ContentView.swift */,
				14F969262464851F0074693E /* Assets.xcassets */,
				14F9692B2464851F0074693E /* LaunchScreen.storyboard */,
				14F9692E2464851F0074693E /* Info.plist */,
				14F969282464851F0074693E /* Preview Content */,
				14F9693D246486300074693E /*  .swift */,
				14B047092464E4D5009CFB6E /* soundPlayer.swift */,
				14F9693F24648A660074693E /* bodyContent.swift */,
			);
			path = trpclGthc;
			sourceTree = "<group>";
		};
		14F969282464851F0074693E /* Preview Content */ = {
			isa = PBXGroup;
			children = (
				14F969292464851F0074693E /* Preview Assets.xcassets */,
			);
			path = "Preview Content";
			sourceTree = "<group>";
		};
		14F96934246485680074693E /* Assets */ = {
			isa = PBXGroup;
			children = (
				14B0470B2464E54E009CFB6E /* cybernight_noDrums.mp3 */,
				14F969382464859C0074693E /* 2_19_19 CAM 9x16.mov */,
				14F969362464859C0074693E /* BLONDE VILLAN 9X16.mov */,
				14F969372464859C0074693E /* Comic Hills 709.mov */,
				14F969352464859C0074693E /* tropic_gothic_003.mov */,
			);
			path = Assets;
			sourceTree = "<group>";
		};
/* End PBXGroup section */

/* Begin PBXNativeTarget section */
		14F9691C2464851E0074693E /* trpclGthc */ = {
			isa = PBXNativeTarget;
			buildConfigurationList = 14F969312464851F0074693E /* Build configuration list for PBXNativeTarget "trpclGthc" */;
			buildPhases = (
				14F969192464851E0074693E /* Sources */,
				14F9691A2464851E0074693E /* Frameworks */,
				14F9691B2464851E0074693E /* Resources */,
			);
			buildRules = (
			);
			dependencies = (
			);
			name = trpclGthc;
			productName = trpclGthc;
			productReference = 14F9691D2464851E0074693E /* trpclGthc.app */;
			productType = "com.apple.product-type.application";
		};
/* End PBXNativeTarget section */

/* Begin PBXProject section */
		14F969152464851E0074693E /* Project object */ = {
			isa = PBXProject;
			attributes = {
				LastSwiftUpdateCheck = 1140;
				LastUpgradeCheck = 1140;
				ORGANIZATIONNAME = "Erik Anderson";
				TargetAttributes = {
					14F9691C2464851E0074693E = {
						CreatedOnToolsVersion = 11.4.1;
					};
				};
			};
			buildConfigurationList = 14F969182464851E0074693E /* Build configuration list for PBXProject "trpclGthc" */;
			compatibilityVersion = "Xcode 9.3";
			developmentRegion = en;
			hasScannedForEncodings = 0;
			knownRegions = (
				en,
				Base,
			);
			mainGroup = 14F969142464851E0074693E;
			productRefGroup = 14F9691E2464851E0074693E /* Products */;
			projectDirPath = "";
			projectRoot = "";
			targets = (
				14F9691C2464851E0074693E /* trpclGthc */,
			);
		};
/* End PBXProject section */

/* Begin PBXResourcesBuildPhase section */
		14F9691B2464851E0074693E /* Resources */ = {
			isa = PBXResourcesBuildPhase;
			buildActionMask = 2147483647;
			files = (
				14F9693B2464859C0074693E /* Comic Hills 709.mov in Resources */,
				14F9692D2464851F0074693E /* LaunchScreen.storyboard in Resources */,
				14B0470C2464E54F009CFB6E /* cybernight_noDrums.mp3 in Resources */,
				14F969392464859C0074693E /* tropic_gothic_003.mov in Resources */,
				14F9692A2464851F0074693E /* Preview Assets.xcassets in Resources */,
				14F9693C2464859C0074693E /* 2_19_19 CAM 9x16.mov in Resources */,
				14F9693A2464859C0074693E /* BLONDE VILLAN 9X16.mov in Resources */,
				14F969272464851F0074693E /* Assets.xcassets in Resources */,
			);
			runOnlyForDeploymentPostprocessing = 0;
		};
/* End PBXResourcesBuildPhase section */

/* Begin PBXSourcesBuildPhase section */
		14F969192464851E0074693E /* Sources */ = {
			isa = PBXSourcesBuildPhase;
			buildActionMask = 2147483647;
			files = (
				14F969212464851E0074693E /* AppDelegate.swift in Sources */,
				14F969232464851E0074693E /* SceneDelegate.swift in Sources */,
				14B0470A2464E4D5009CFB6E /* soundPlayer.swift in Sources */,
				14F9693E246486300074693E /*  .swift in Sources */,
				14F9694024648A660074693E /* bodyContent.swift in Sources */,
				14F969252464851E0074693E /* ContentView.swift in Sources */,
			);
			runOnlyForDeploymentPostprocessing = 0;
		};
/* End PBXSourcesBuildPhase section */

/* Begin PBXVariantGroup section */
		14F9692B2464851F0074693E /* LaunchScreen.storyboard */ = {
			isa = PBXVariantGroup;
			children = (
				14F9692C2464851F0074693E /* Base */,
			);
			name = LaunchScreen.storyboard;
			sourceTree = "<group>";
		};
/* End PBXVariantGroup section */

/* Begin XCBuildConfiguration section */
		14F9692F2464851F0074693E /* Debug */ = {
			isa = XCBuildConfiguration;
			buildSettings = {
				ALWAYS_SEARCH_USER_PATHS = NO;
				CLANG_ANALYZER_NONNULL = YES;
				CLANG_ANALYZER_NUMBER_OBJECT_CONVERSION = YES_AGGRESSIVE;
				CLANG_CXX_LANGUAGE_STANDARD = "gnu++14";
				CLANG_CXX_LIBRARY = "libc++";
				CLANG_ENABLE_MODULES = YES;
				CLANG_ENABLE_OBJC_ARC = YES;
				CLANG_ENABLE_OBJC_WEAK = YES;
				CLANG_WARN_BLOCK_CAPTURE_AUTORELEASING = YES;
				CLANG_WARN_BOOL_CONVERSION = YES;
				CLANG_WARN_COMMA = YES;
				CLANG_WARN_CONSTANT_CONVERSION = YES;
				CLANG_WARN_DEPRECATED_OBJC_IMPLEMENTATIONS = YES;
				CLANG_WARN_DIRECT_OBJC_ISA_USAGE = YES_ERROR;
				CLANG_WARN_DOCUMENTATION_COMMENTS = YES;
				CLANG_WARN_EMPTY_BODY = YES;
				CLANG_WARN_ENUM_CONVERSION = YES;
				CLANG_WARN_INFINITE_RECURSION = YES;
				CLANG_WARN_INT_CONVERSION = YES;
				CLANG_WARN_NON_LITERAL_NULL_CONVERSION = YES;
				CLANG_WARN_OBJC_IMPLICIT_RETAIN_SELF = YES;
				CLANG_WARN_OBJC_LITERAL_CONVERSION = YES;
				CLANG_WARN_OBJC_ROOT_CLASS = YES_ERROR;
				CLANG_WARN_RANGE_LOOP_ANALYSIS = YES;
				CLANG_WARN_STRICT_PROTOTYPES = YES;
				CLANG_WARN_SUSPICIOUS_MOVE = YES;
				CLANG_WARN_UNGUARDED_AVAILABILITY = YES_AGGRESSIVE;
				CLANG_WARN_UNREACHABLE_CODE = YES;
				CLANG_WARN__DUPLICATE_METHOD_MATCH = YES;
				COPY_PHASE_STRIP = NO;
				DEBUG_INFORMATION_FORMAT = dwarf;
				ENABLE_STRICT_OBJC_MSGSEND = YES;
				ENABLE_TESTABILITY = YES;
				GCC_C_LANGUAGE_STANDARD = gnu11;
				GCC_DYNAMIC_NO_PIC = NO;
				GCC_NO_COMMON_BLOCKS = YES;
				GCC_OPTIMIZATION_LEVEL = 0;
				GCC_PREPROCESSOR_DEFINITIONS = (
					"DEBUG=1",
					"$(inherited)",
				);
				GCC_WARN_64_TO_32_BIT_CONVERSION = YES;
				GCC_WARN_ABOUT_RETURN_TYPE = YES_ERROR;
				GCC_WARN_UNDECLARED_SELECTOR = YES;
				GCC_WARN_UNINITIALIZED_AUTOS = YES_AGGRESSIVE;
				GCC_WARN_UNUSED_FUNCTION = YES;
				GCC_WARN_UNUSED_VARIABLE = YES;
				IPHONEOS_DEPLOYMENT_TARGET = 13.4;
				MTL_ENABLE_DEBUG_INFO = INCLUDE_SOURCE;
				MTL_FAST_MATH = YES;
				ONLY_ACTIVE_ARCH = YES;
				SDKROOT = iphoneos;
				SWIFT_ACTIVE_COMPILATION_CONDITIONS = DEBUG;
				SWIFT_OPTIMIZATION_LEVEL = "-Onone";
			};
			name = Debug;
		};
		14F969302464851F0074693E /* Release */ = {
			isa = XCBuildConfiguration;
			buildSettings = {
				ALWAYS_SEARCH_USER_PATHS = NO;
				CLANG_ANALYZER_NONNULL = YES;
				CLANG_ANALYZER_NUMBER_OBJECT_CONVERSION = YES_AGGRESSIVE;
				CLANG_CXX_LANGUAGE_STANDARD = "gnu++14";
				CLANG_CXX_LIBRARY = "libc++";
				CLANG_ENABLE_MODULES = YES;
				CLANG_ENABLE_OBJC_ARC = YES;
				CLANG_ENABLE_OBJC_WEAK = YES;
				CLANG_WARN_BLOCK_CAPTURE_AUTORELEASING = YES;
				CLANG_WARN_BOOL_CONVERSION = YES;
				CLANG_WARN_COMMA = YES;
				CLANG_WARN_CONSTANT_CONVERSION = YES;
				CLANG_WARN_DEPRECATED_OBJC_IMPLEMENTATIONS = YES;
				CLANG_WARN_DIRECT_OBJC_ISA_USAGE = YES_ERROR;
				CLANG_WARN_DOCUMENTATION_COMMENTS = YES;
				CLANG_WARN_EMPTY_BODY = YES;
				CLANG_WARN_ENUM_CONVERSION = YES;
				CLANG_WARN_INFINITE_RECURSION = YES;
				CLANG_WARN_INT_CONVERSION = YES;
				CLANG_WARN_NON_LITERAL_NULL_CONVERSION = YES;
				CLANG_WARN_OBJC_IMPLICIT_RETAIN_SELF = YES;
				CLANG_WARN_OBJC_LITERAL_CONVERSION = YES;
				CLANG_WARN_OBJC_ROOT_CLASS = YES_ERROR;
				CLANG_WARN_RANGE_LOOP_ANALYSIS = YES;
				CLANG_WARN_STRICT_PROTOTYPES = YES;
				CLANG_WARN_SUSPICIOUS_MOVE = YES;
				CLANG_WARN_UNGUARDED_AVAILABILITY = YES_AGGRESSIVE;
				CLANG_WARN_UNREACHABLE_CODE = YES;
				CLANG_WARN__DUPLICATE_METHOD_MATCH = YES;
				COPY_PHASE_STRIP = NO;
				DEBUG_INFORMATION_FORMAT = "dwarf-with-dsym";
				ENABLE_NS_ASSERTIONS = NO;
				ENABLE_STRICT_OBJC_MSGSEND = YES;
				GCC_C_LANGUAGE_STANDARD = gnu11;
				GCC_NO_COMMON_BLOCKS = YES;
				GCC_WARN_64_TO_32_BIT_CONVERSION = YES;
				GCC_WARN_ABOUT_RETURN_TYPE = YES_ERROR;
				GCC_WARN_UNDECLARED_SELECTOR = YES;
				GCC_WARN_UNINITIALIZED_AUTOS = YES_AGGRESSIVE;
				GCC_WARN_UNUSED_FUNCTION = YES;
				GCC_WARN_UNUSED_VARIABLE = YES;
				IPHONEOS_DEPLOYMENT_TARGET = 13.4;
				MTL_ENABLE_DEBUG_INFO = NO;
				MTL_FAST_MATH = YES;
				SDKROOT = iphoneos;
				SWIFT_COMPILATION_MODE = wholemodule;
				SWIFT_OPTIMIZATION_LEVEL = "-O";
				VALIDATE_PRODUCT = YES;
			};
			name = Release;
		};
		14F969322464851F0074693E /* Debug */ = {
			isa = XCBuildConfiguration;
			buildSettings = {
				ASSETCATALOG_COMPILER_APPICON_NAME = AppIcon;
				CODE_SIGN_STYLE = Automatic;
				DEVELOPMENT_ASSET_PATHS = "\"trpclGthc/Preview Content\"";
				DEVELOPMENT_TEAM = NKUQ8B74SV;
				ENABLE_PREVIEWS = YES;
				INFOPLIST_FILE = trpclGthc/Info.plist;
				LD_RUNPATH_SEARCH_PATHS = (
					"$(inherited)",
					"@executable_path/Frameworks",
				);
				PRODUCT_BUNDLE_IDENTIFIER = me.trpclGthc;
				PRODUCT_NAME = "$(TARGET_NAME)";
				SWIFT_VERSION = 5.0;
				TARGETED_DEVICE_FAMILY = "1,2";
			};
			name = Debug;
		};
		14F969332464851F0074693E /* Release */ = {
			isa = XCBuildConfiguration;
			buildSettings = {
				ASSETCATALOG_COMPILER_APPICON_NAME = AppIcon;
				CODE_SIGN_STYLE = Automatic;
				DEVELOPMENT_ASSET_PATHS = "\"trpclGthc/Preview Content\"";
				DEVELOPMENT_TEAM = NKUQ8B74SV;
				ENABLE_PREVIEWS = YES;
				INFOPLIST_FILE = trpclGthc/Info.plist;
				LD_RUNPATH_SEARCH_PATHS = (
					"$(inherited)",
					"@executable_path/Frameworks",
				);
				PRODUCT_BUNDLE_IDENTIFIER = me.trpclGthc;
				PRODUCT_NAME = "$(TARGET_NAME)";
				SWIFT_VERSION = 5.0;
				TARGETED_DEVICE_FAMILY = "1,2";
			};
			name = Release;
		};
/* End XCBuildConfiguration section */

/* Begin XCConfigurationList section */
		14F969182464851E0074693E /* Build configuration list for PBXProject "trpclGthc" */ = {
			isa = XCConfigurationList;
			buildConfigurations = (
				14F9692F2464851F0074693E /* Debug */,
				14F969302464851F0074693E /* Release */,
			);
			defaultConfigurationIsVisible = 0;
			defaultConfigurationName = Release;
		};
		14F969312464851F0074693E /* Build configuration list for PBXNativeTarget "trpclGthc" */ = {
			isa = XCConfigurationList;
			buildConfigurations = (
				14F969322464851F0074693E /* Debug */,
				14F969332464851F0074693E /* Release */,
			);
			defaultConfigurationIsVisible = 0;
			defaultConfigurationName = Release;
		};
/* End XCConfigurationList section */
	};
	rootObject = 14F969152464851E0074693E /* Project object */;
}
